
Microsoft Visual Studio Solution File, Format Version 12.00
# Visual Studio 15
VisualStudioVersion = 15.0.28307.421
MinimumVisualStudioVersion = 10.0.40219.1
Project("{FAE04EC0-301F-11D3-BF4B-00C04F79EFBC}") = "CapaUI", "CapaUI\CapaUI.csproj", "{A4A1DC7D-F27F-4D7E-9C68-27ED67018D80}"
EndProject
Project("{FAE04EC0-301F-11D3-BF4B-00C04F79EFBC}") = "CapaNegocio", "CapaNegocio\CapaNegocio.csproj", "{E15BBE2C-8453-4914-A711-1BD0EEF649EA}"
EndProject
Project("{FAE04EC0-301F-11D3-BF4B-00C04F79EFBC}") = "CapaDatos", "CapaDatos\CapaDatos.csproj", "{03201605-0290-4E0E-A207-49D962432EEF}"
EndProject
Global
	GlobalSection(SolutionConfigurationPlatforms) = preSolution
		Debug|Any CPU = Debug|Any CPU
		Release|Any CPU = Release|Any CPU
	EndGlobalSection
	GlobalSection(ProjectConfigurationPlatforms) = postSolution
		{A4A1DC7D-F27F-4D7E-9C68-27ED67018D80}.Debug|Any CPU.ActiveCfg = Debug|Any CPU
		{A4A1DC7D-F27F-4D7E-9C68-27ED67018D80}.Debug|Any CPU.Build.0 = Debug|Any CPU
		{A4A1DC7D-F27F-4D7E-9C68-27ED67018D80}.Release|Any CPU.ActiveCfg = Release|Any CPU
		{A4A1DC7D-F27F-4D7E-9C68-27ED67018D80}.Release|Any CPU.Build.0 = Release|Any CPU
		{E15BBE2C-8453-4914-A711-1BD0EEF649EA}.Debug|Any CPU.ActiveCfg = Debug|Any CPU
		{E15BBE2C-8453-4914-A711-1BD0EEF649EA}.Debug|Any CPU.Build.0 = Debug|Any CPU
		{E15BBE2C-8453-4914-A711-1BD0EEF649EA}.Release|Any CPU.ActiveCfg = Release|Any CPU
		{E15BBE2C-8453-4914-A711-1BD0EEF649EA}.Release|Any CPU.Build.0 = Release|Any CPU
		{03201605-0290-4E0E-A207-49D962432EEF}.Debug|Any CPU.ActiveCfg = Debug|Any CPU
		{03201605-0290-4E0E-A207-49D962432EEF}.Debug|Any CPU.Build.0 = Debug|Any CPU
		{03201605-0290-4E0E-A207-49D962432EEF}.Release|Any CPU.ActiveCfg = Release|Any CPU
		{03201605-0290-4E0E-A207-49D962432EEF}.Release|Any CPU.Build.0 = Release|Any CPU
	EndGlobalSection
	GlobalSection(SolutionProperties) = preSolution
		HideSolutionNode = FALSE
	EndGlobalSection
	GlobalSection(ExtensibilityGlobals) = postSolution
		SolutionGuid = {F27F8D42-1798-4F69-A6FA-43940EAE7AF6}
	EndGlobalSection
EndGlobal
